// !$*UTF8*$!
{
	archiveVersion = 1;
	classes = {
	};
	objectVersion = 46;
	objects = {

/* Begin PBXBuildFile section */
		7827B9B918F5FA3C00572F2D /* Foundation.framework in Frameworks */ = {isa = PBXBuildFile; fileRef = FA8DAA4018C799570094495C /* Foundation.framework */; };
		7827B9BA18F5FA3C00572F2D /* CoreGraphics.framework in Frameworks */ = {isa = PBXBuildFile; fileRef = FA8DAA4218C799570094495C /* CoreGraphics.framework */; };
		7827B9BB18F5FA3C00572F2D /* UIKit.framework in Frameworks */ = {isa = PBXBuildFile; fileRef = FA8DAA4418C799570094495C /* UIKit.framework */; };
		7827B9BD18F5FA3C00572F2D /* CoreData.framework in Frameworks */ = {isa = PBXBuildFile; fileRef = 7827B9BC18F5FA3C00572F2D /* CoreData.framework */; };
		7827B9D418F5FA3D00572F2D /* XCTest.framework in Frameworks */ = {isa = PBXBuildFile; fileRef = FA8DAA5918C799570094495C /* XCTest.framework */; };
		7827B9D518F5FA3D00572F2D /* Foundation.framework in Frameworks */ = {isa = PBXBuildFile; fileRef = FA8DAA4018C799570094495C /* Foundation.framework */; };
		7827B9D618F5FA3D00572F2D /* UIKit.framework in Frameworks */ = {isa = PBXBuildFile; fileRef = FA8DAA4418C799570094495C /* UIKit.framework */; };
		7827B9D718F5FA3D00572F2D /* CoreData.framework in Frameworks */ = {isa = PBXBuildFile; fileRef = 7827B9BC18F5FA3C00572F2D /* CoreData.framework */; };
		7827B9E118F5FA3D00572F2D /* PetziTests.m in Sources */ = {isa = PBXBuildFile; fileRef = 7827B9E018F5FA3D00572F2D /* PetziTests.m */; };
		788FA64018F5FD4A00F2E801 /* MYEnvironmentConfig+Petzy.m in Sources */ = {isa = PBXBuildFile; fileRef = 788FA63F18F5FD4A00F2E801 /* MYEnvironmentConfig+Petzy.m */; };
		788FA64618F5FD6400F2E801 /* PZViewControllerBase.m in Sources */ = {isa = PBXBuildFile; fileRef = 788FA64418F5FD6400F2E801 /* PZViewControllerBase.m */; };
		788FA64918F5FD7A00F2E801 /* PZLoginViewController.m in Sources */ = {isa = PBXBuildFile; fileRef = 788FA64818F5FD7A00F2E801 /* PZLoginViewController.m */; };
		788FA64C18F5FD8D00F2E801 /* PZHomeViewController.m in Sources */ = {isa = PBXBuildFile; fileRef = 788FA64B18F5FD8D00F2E801 /* PZHomeViewController.m */; };
		788FA65218F5FDA900F2E801 /* PZCreateAlertViewController.m in Sources */ = {isa = PBXBuildFile; fileRef = 788FA65018F5FDA900F2E801 /* PZCreateAlertViewController.m */; };
		788FA65418F5FF1600F2E801 /* MainStoryboard_iPhone.storyboard in Resources */ = {isa = PBXBuildFile; fileRef = 788FA65318F5FF1600F2E801 /* MainStoryboard_iPhone.storyboard */; };
		788FA65518F5FF2B00F2E801 /* Environments.plist in Resources */ = {isa = PBXBuildFile; fileRef = 780CF7EF18F5EAFE00E31FE4 /* Environments.plist */; };
		788FA66818F600E100F2E801 /* PZAppDelegate.m in Sources */ = {isa = PBXBuildFile; fileRef = 788FA66718F600E100F2E801 /* PZAppDelegate.m */; };
		788FA66A18F6014200F2E801 /* Images.xcassets in Resources */ = {isa = PBXBuildFile; fileRef = 788FA66918F6014200F2E801 /* Images.xcassets */; };
		788FA66C18F6018600F2E801 /* Petzi-Info.plist in Resources */ = {isa = PBXBuildFile; fileRef = 788FA66B18F6018600F2E801 /* Petzi-Info.plist */; };
		788FA66E18F601A800F2E801 /* main.m in Sources */ = {isa = PBXBuildFile; fileRef = 788FA66D18F601A800F2E801 /* main.m */; };
		E6B544876D654E9B8236EBCC /* libPods.a in Frameworks */ = {isa = PBXBuildFile; fileRef = 7D6C634A26394AADB53F656C /* libPods.a */; };
/* End PBXBuildFile section */

/* Begin PBXContainerItemProxy section */
		7827B9D818F5FA3D00572F2D /* PBXContainerItemProxy */ = {
			isa = PBXContainerItemProxy;
			containerPortal = FA8DAA3518C799570094495C /* Project object */;
			proxyType = 1;
			remoteGlobalIDString = 7827B9B718F5FA3C00572F2D;
			remoteInfo = Petzi;
		};
/* End PBXContainerItemProxy section */

/* Begin PBXFileReference section */
		780CF7EF18F5EAFE00E31FE4 /* Environments.plist */ = {isa = PBXFileReference; fileEncoding = 4; lastKnownFileType = text.plist.xml; name = Environments.plist; path = Petzi/Environments.plist; sourceTree = SOURCE_ROOT; };
		780CF89D18F5F77100E31FE4 /* AppKit.framework */ = {isa = PBXFileReference; lastKnownFileType = wrapper.framework; name = AppKit.framework; path = Library/Frameworks/AppKit.framework; sourceTree = SDKROOT; };
		780CF89E18F5F77100E31FE4 /* CoreData.framework */ = {isa = PBXFileReference; lastKnownFileType = wrapper.framework; name = CoreData.framework; path = Library/Frameworks/CoreData.framework; sourceTree = SDKROOT; };
		780CF89F18F5F77100E31FE4 /* Foundation.framework */ = {isa = PBXFileReference; lastKnownFileType = wrapper.framework; name = Foundation.framework; path = Library/Frameworks/Foundation.framework; sourceTree = SDKROOT; };
		7827B9B818F5FA3C00572F2D /* Petzi.app */ = {isa = PBXFileReference; explicitFileType = wrapper.application; includeInIndex = 0; path = Petzi.app; sourceTree = BUILT_PRODUCTS_DIR; };
		7827B9BC18F5FA3C00572F2D /* CoreData.framework */ = {isa = PBXFileReference; lastKnownFileType = wrapper.framework; name = CoreData.framework; path = System/Library/Frameworks/CoreData.framework; sourceTree = SDKROOT; };
		7827B9D318F5FA3D00572F2D /* PetziTests.xctest */ = {isa = PBXFileReference; explicitFileType = wrapper.cfbundle; includeInIndex = 0; path = PetziTests.xctest; sourceTree = BUILT_PRODUCTS_DIR; };
		7827B9DC18F5FA3D00572F2D /* PetziTests-Info.plist */ = {isa = PBXFileReference; lastKnownFileType = text.plist.xml; path = "PetziTests-Info.plist"; sourceTree = "<group>"; };
		7827B9E018F5FA3D00572F2D /* PetziTests.m */ = {isa = PBXFileReference; lastKnownFileType = sourcecode.c.objc; path = PetziTests.m; sourceTree = "<group>"; };
		788FA63E18F5FD4A00F2E801 /* MYEnvironmentConfig+Petzy.h */ = {isa = PBXFileReference; fileEncoding = 4; lastKnownFileType = sourcecode.c.h; name = "MYEnvironmentConfig+Petzy.h"; path = "Petzi/MYEnvironmentConfig+Petzy.h"; sourceTree = SOURCE_ROOT; };
		788FA63F18F5FD4A00F2E801 /* MYEnvironmentConfig+Petzy.m */ = {isa = PBXFileReference; fileEncoding = 4; lastKnownFileType = sourcecode.c.objc; name = "MYEnvironmentConfig+Petzy.m"; path = "Petzi/MYEnvironmentConfig+Petzy.m"; sourceTree = SOURCE_ROOT; };
		788FA64318F5FD6400F2E801 /* PZViewControllerBase.h */ = {isa = PBXFileReference; fileEncoding = 4; lastKnownFileType = sourcecode.c.h; name = PZViewControllerBase.h; path = Petzi/PZViewControllerBase.h; sourceTree = SOURCE_ROOT; };
		788FA64418F5FD6400F2E801 /* PZViewControllerBase.m */ = {isa = PBXFileReference; fileEncoding = 4; lastKnownFileType = sourcecode.c.objc; name = PZViewControllerBase.m; path = Petzi/PZViewControllerBase.m; sourceTree = SOURCE_ROOT; };
		788FA64718F5FD7A00F2E801 /* PZLoginViewController.h */ = {isa = PBXFileReference; fileEncoding = 4; lastKnownFileType = sourcecode.c.h; name = PZLoginViewController.h; path = Petzi/PZLoginViewController.h; sourceTree = SOURCE_ROOT; };
		788FA64818F5FD7A00F2E801 /* PZLoginViewController.m */ = {isa = PBXFileReference; fileEncoding = 4; lastKnownFileType = sourcecode.c.objc; name = PZLoginViewController.m; path = Petzi/PZLoginViewController.m; sourceTree = SOURCE_ROOT; };
		788FA64A18F5FD8D00F2E801 /* PZHomeViewController.h */ = {isa = PBXFileReference; fileEncoding = 4; lastKnownFileType = sourcecode.c.h; name = PZHomeViewController.h; path = Petzi/PZHomeViewController.h; sourceTree = SOURCE_ROOT; };
		788FA64B18F5FD8D00F2E801 /* PZHomeViewController.m */ = {isa = PBXFileReference; fileEncoding = 4; lastKnownFileType = sourcecode.c.objc; name = PZHomeViewController.m; path = Petzi/PZHomeViewController.m; sourceTree = SOURCE_ROOT; };
		788FA64F18F5FDA900F2E801 /* PZCreateAlertViewController.h */ = {isa = PBXFileReference; fileEncoding = 4; lastKnownFileType = sourcecode.c.h; name = PZCreateAlertViewController.h; path = Petzi/PZCreateAlertViewController.h; sourceTree = SOURCE_ROOT; };
		788FA65018F5FDA900F2E801 /* PZCreateAlertViewController.m */ = {isa = PBXFileReference; fileEncoding = 4; lastKnownFileType = sourcecode.c.objc; name = PZCreateAlertViewController.m; path = Petzi/PZCreateAlertViewController.m; sourceTree = SOURCE_ROOT; };
		788FA65318F5FF1600F2E801 /* MainStoryboard_iPhone.storyboard */ = {isa = PBXFileReference; fileEncoding = 4; lastKnownFileType = file.storyboard; path = MainStoryboard_iPhone.storyboard; sourceTree = SOURCE_ROOT; };
		788FA66618F600E100F2E801 /* PZAppDelegate.h */ = {isa = PBXFileReference; fileEncoding = 4; lastKnownFileType = sourcecode.c.h; name = PZAppDelegate.h; path = Petzi/PZAppDelegate.h; sourceTree = SOURCE_ROOT; };
		788FA66718F600E100F2E801 /* PZAppDelegate.m */ = {isa = PBXFileReference; fileEncoding = 4; lastKnownFileType = sourcecode.c.objc; name = PZAppDelegate.m; path = Petzi/PZAppDelegate.m; sourceTree = SOURCE_ROOT; };
		788FA66918F6014200F2E801 /* Images.xcassets */ = {isa = PBXFileReference; lastKnownFileType = folder.assetcatalog; name = Images.xcassets; path = Petzi/Images.xcassets; sourceTree = SOURCE_ROOT; };
		788FA66B18F6018600F2E801 /* Petzi-Info.plist */ = {isa = PBXFileReference; fileEncoding = 4; lastKnownFileType = text.plist.xml; path = "Petzi-Info.plist"; sourceTree = SOURCE_ROOT; };
		788FA66D18F601A800F2E801 /* main.m */ = {isa = PBXFileReference; fileEncoding = 4; lastKnownFileType = sourcecode.c.objc; path = main.m; sourceTree = SOURCE_ROOT; };
		788FA67118F605D300F2E801 /* Petzi-Prefix.pch */ = {isa = PBXFileReference; fileEncoding = 4; lastKnownFileType = sourcecode.c.h; name = "Petzi-Prefix.pch"; path = "Petzi/Petzi-Prefix.pch"; sourceTree = SOURCE_ROOT; };
		7D6C634A26394AADB53F656C /* libPods.a */ = {isa = PBXFileReference; explicitFileType = archive.ar; includeInIndex = 0; path = libPods.a; sourceTree = BUILT_PRODUCTS_DIR; };
		BBDD2CC56445488D99C190B7 /* Pods.xcconfig */ = {isa = PBXFileReference; includeInIndex = 1; lastKnownFileType = text.xcconfig; name = Pods.xcconfig; path = ../Pods/Pods.xcconfig; sourceTree = "<group>"; };
		FA74363C18E489100031CE34 /* CoreLocation.framework */ = {isa = PBXFileReference; lastKnownFileType = wrapper.framework; name = CoreLocation.framework; path = System/Library/Frameworks/CoreLocation.framework; sourceTree = SDKROOT; };
		FA74363E18E489170031CE34 /* CoreBluetooth.framework */ = {isa = PBXFileReference; lastKnownFileType = wrapper.framework; name = CoreBluetooth.framework; path = System/Library/Frameworks/CoreBluetooth.framework; sourceTree = SDKROOT; };
		FA8DAA4018C799570094495C /* Foundation.framework */ = {isa = PBXFileReference; lastKnownFileType = wrapper.framework; name = Foundation.framework; path = System/Library/Frameworks/Foundation.framework; sourceTree = SDKROOT; };
		FA8DAA4218C799570094495C /* CoreGraphics.framework */ = {isa = PBXFileReference; lastKnownFileType = wrapper.framework; name = CoreGraphics.framework; path = System/Library/Frameworks/CoreGraphics.framework; sourceTree = SDKROOT; };
		FA8DAA4418C799570094495C /* UIKit.framework */ = {isa = PBXFileReference; lastKnownFileType = wrapper.framework; name = UIKit.framework; path = System/Library/Frameworks/UIKit.framework; sourceTree = SDKROOT; };
		FA8DAA5918C799570094495C /* XCTest.framework */ = {isa = PBXFileReference; lastKnownFileType = wrapper.framework; name = XCTest.framework; path = Library/Frameworks/XCTest.framework; sourceTree = DEVELOPER_DIR; };
/* End PBXFileReference section */

/* Begin PBXFrameworksBuildPhase section */
		7827B9B518F5FA3C00572F2D /* Frameworks */ = {
			isa = PBXFrameworksBuildPhase;
			buildActionMask = 2147483647;
			files = (
				7827B9BA18F5FA3C00572F2D /* CoreGraphics.framework in Frameworks */,
				7827B9BD18F5FA3C00572F2D /* CoreData.framework in Frameworks */,
				7827B9BB18F5FA3C00572F2D /* UIKit.framework in Frameworks */,
				7827B9B918F5FA3C00572F2D /* Foundation.framework in Frameworks */,
				E6B544876D654E9B8236EBCC /* libPods.a in Frameworks */,
			);
			runOnlyForDeploymentPostprocessing = 0;
		};
		7827B9D018F5FA3D00572F2D /* Frameworks */ = {
			isa = PBXFrameworksBuildPhase;
			buildActionMask = 2147483647;
			files = (
				7827B9D418F5FA3D00572F2D /* XCTest.framework in Frameworks */,
				7827B9D718F5FA3D00572F2D /* CoreData.framework in Frameworks */,
				7827B9D618F5FA3D00572F2D /* UIKit.framework in Frameworks */,
				7827B9D518F5FA3D00572F2D /* Foundation.framework in Frameworks */,
			);
			runOnlyForDeploymentPostprocessing = 0;
		};
/* End PBXFrameworksBuildPhase section */

/* Begin PBXGroup section */
		780CF80618F5F1F400E31FE4 /* ForgotPassword */ = {
			isa = PBXGroup;
			children = (
			);
			name = ForgotPassword;
			sourceTree = "<group>";
		};
		780CF89C18F5F77100E31FE4 /* Other Frameworks */ = {
			isa = PBXGroup;
			children = (
				780CF89D18F5F77100E31FE4 /* AppKit.framework */,
				780CF89E18F5F77100E31FE4 /* CoreData.framework */,
				780CF89F18F5F77100E31FE4 /* Foundation.framework */,
			);
			name = "Other Frameworks";
			sourceTree = "<group>";
		};
		7827B9DA18F5FA3D00572F2D /* PetziTests */ = {
			isa = PBXGroup;
			children = (
				7827B9E018F5FA3D00572F2D /* PetziTests.m */,
				7827B9DB18F5FA3D00572F2D /* Supporting Files */,
			);
			path = PetziTests;
			sourceTree = "<group>";
		};
		7827B9DB18F5FA3D00572F2D /* Supporting Files */ = {
			isa = PBXGroup;
			children = (
				7827B9DC18F5FA3D00572F2D /* PetziTests-Info.plist */,
			);
			name = "Supporting Files";
			sourceTree = "<group>";
		};
		FA21924A18CD001000F3E275 /* Login */ = {
			isa = PBXGroup;
			children = (
				780CF80618F5F1F400E31FE4 /* ForgotPassword */,
				FAC3379C18DE6B8F00E1758B /* Registration */,
				FAC3379B18DE6B8A00E1758B /* Login */,
			);
			name = Login;
			sourceTree = "<group>";
		};
		FA41219218CCEF38003C345C /* Screens */ = {
			isa = PBXGroup;
			children = (
				788FA65318F5FF1600F2E801 /* MainStoryboard_iPhone.storyboard */,
				FA21924A18CD001000F3E275 /* Login */,
				FA41219F18CCF04A003C345C /* Home */,
				FAC337C718DE6FDB00E1758B /* Alerts */,
			);
			name = Screens;
			sourceTree = "<group>";
		};
		FA41219418CCEF97003C345C /* Base */ = {
			isa = PBXGroup;
			children = (
				788FA64318F5FD6400F2E801 /* PZViewControllerBase.h */,
				788FA64418F5FD6400F2E801 /* PZViewControllerBase.m */,
			);
			name = Base;
			sourceTree = "<group>";
		};
		FA41219E18CCF034003C345C /* Common */ = {
			isa = PBXGroup;
			children = (
				FAD4E5E318EB06B300C664D4 /* Navigation */,
				FAD4E5AD18EA529F00C664D4 /* Model */,
				FA4121A318CCF0E5003C345C /* Categories */,
				FA41219418CCEF97003C345C /* Base */,
			);
			name = Common;
			sourceTree = "<group>";
		};
		FA41219F18CCF04A003C345C /* Home */ = {
			isa = PBXGroup;
			children = (
				788FA64A18F5FD8D00F2E801 /* PZHomeViewController.h */,
				788FA64B18F5FD8D00F2E801 /* PZHomeViewController.m */,
			);
			name = Home;
			sourceTree = "<group>";
		};
		FA4121A318CCF0E5003C345C /* Categories */ = {
			isa = PBXGroup;
			children = (
				788FA63E18F5FD4A00F2E801 /* MYEnvironmentConfig+Petzy.h */,
				788FA63F18F5FD4A00F2E801 /* MYEnvironmentConfig+Petzy.m */,
			);
			name = Categories;
			sourceTree = "<group>";
		};
		FA8DAA3418C799570094495C = {
			isa = PBXGroup;
			children = (
				FA8DAA4618C799570094495C /* Petzi */,
				7827B9DA18F5FA3D00572F2D /* PetziTests */,
				FA8DAA3F18C799570094495C /* Frameworks */,
				FA8DAA3E18C799570094495C /* Products */,
				BBDD2CC56445488D99C190B7 /* Pods.xcconfig */,
			);
			sourceTree = "<group>";
		};
		FA8DAA3E18C799570094495C /* Products */ = {
			isa = PBXGroup;
			children = (
				7827B9B818F5FA3C00572F2D /* Petzi.app */,
				7827B9D318F5FA3D00572F2D /* PetziTests.xctest */,
			);
			name = Products;
			sourceTree = "<group>";
		};
		FA8DAA3F18C799570094495C /* Frameworks */ = {
			isa = PBXGroup;
			children = (
				FA74363E18E489170031CE34 /* CoreBluetooth.framework */,
				FA74363C18E489100031CE34 /* CoreLocation.framework */,
				FA8DAA4018C799570094495C /* Foundation.framework */,
				FA8DAA4218C799570094495C /* CoreGraphics.framework */,
				FA8DAA4418C799570094495C /* UIKit.framework */,
				FA8DAA5918C799570094495C /* XCTest.framework */,
				7D6C634A26394AADB53F656C /* libPods.a */,
				7827B9BC18F5FA3C00572F2D /* CoreData.framework */,
				780CF89C18F5F77100E31FE4 /* Other Frameworks */,
			);
			name = Frameworks;
			sourceTree = "<group>";
		};
		FA8DAA4618C799570094495C /* Petzi */ = {
			isa = PBXGroup;
			children = (
				788FA66918F6014200F2E801 /* Images.xcassets */,
				788FA66618F600E100F2E801 /* PZAppDelegate.h */,
				788FA66718F600E100F2E801 /* PZAppDelegate.m */,
				FA41219E18CCF034003C345C /* Common */,
				FA41219218CCEF38003C345C /* Screens */,
				FA8DAA4718C799570094495C /* Supporting Files */,
			);
			name = Petzi;
			path = HereByApp;
			sourceTree = "<group>";
		};
		FA8DAA4718C799570094495C /* Supporting Files */ = {
			isa = PBXGroup;
			children = (
				788FA67118F605D300F2E801 /* Petzi-Prefix.pch */,
				788FA66D18F601A800F2E801 /* main.m */,
				788FA66B18F6018600F2E801 /* Petzi-Info.plist */,
				780CF7EF18F5EAFE00E31FE4 /* Environments.plist */,
			);
			name = "Supporting Files";
			sourceTree = "<group>";
		};
		FAC3379B18DE6B8A00E1758B /* Login */ = {
			isa = PBXGroup;
			children = (
				788FA64718F5FD7A00F2E801 /* PZLoginViewController.h */,
				788FA64818F5FD7A00F2E801 /* PZLoginViewController.m */,
			);
			name = Login;
			sourceTree = "<group>";
		};
		FAC3379C18DE6B8F00E1758B /* Registration */ = {
			isa = PBXGroup;
			children = (
			);
			name = Registration;
			sourceTree = "<group>";
		};
		FAC337C718DE6FDB00E1758B /* Alerts */ = {
			isa = PBXGroup;
			children = (
				788FA64F18F5FDA900F2E801 /* PZCreateAlertViewController.h */,
				788FA65018F5FDA900F2E801 /* PZCreateAlertViewController.m */,
			);
			name = Alerts;
			sourceTree = "<group>";
		};
		FAD4E5AD18EA529F00C664D4 /* Model */ = {
			isa = PBXGroup;
			children = (
			);
			name = Model;
			sourceTree = "<group>";
		};
		FAD4E5E318EB06B300C664D4 /* Navigation */ = {
			isa = PBXGroup;
			children = (
			);
			name = Navigation;
			sourceTree = "<group>";
		};
/* End PBXGroup section */

/* Begin PBXNativeTarget section */
		7827B9B718F5FA3C00572F2D /* Petzi */ = {
			isa = PBXNativeTarget;
			buildConfigurationList = 7827B9E218F5FA3D00572F2D /* Build configuration list for PBXNativeTarget "Petzi" */;
			buildPhases = (
				789F922818F5FB7500A899A5 /* Check Pods Manifest.lock */,
				7827B9B418F5FA3C00572F2D /* Sources */,
				7827B9B518F5FA3C00572F2D /* Frameworks */,
				7827B9B618F5FA3C00572F2D /* Resources */,
				283C3EA99C174C3ABB507FE2 /* Copy Pods Resources */,
			);
			buildRules = (
			);
			dependencies = (
			);
			name = Petzi;
			productName = Petzi;
			productReference = 7827B9B818F5FA3C00572F2D /* Petzi.app */;
			productType = "com.apple.product-type.application";
		};
		7827B9D218F5FA3D00572F2D /* PetziTests */ = {
			isa = PBXNativeTarget;
			buildConfigurationList = 7827B9E718F5FA3D00572F2D /* Build configuration list for PBXNativeTarget "PetziTests" */;
			buildPhases = (
				7827B9CF18F5FA3D00572F2D /* Sources */,
				7827B9D018F5FA3D00572F2D /* Frameworks */,
				7827B9D118F5FA3D00572F2D /* Resources */,
			);
			buildRules = (
			);
			dependencies = (
				7827B9D918F5FA3D00572F2D /* PBXTargetDependency */,
			);
			name = PetziTests;
			productName = PetziTests;
			productReference = 7827B9D318F5FA3D00572F2D /* PetziTests.xctest */;
			productType = "com.apple.product-type.bundle.unit-test";
		};
/* End PBXNativeTarget section */

/* Begin PBXProject section */
		FA8DAA3518C799570094495C /* Project object */ = {
			isa = PBXProject;
			attributes = {
				CLASSPREFIX = HB;
				LastUpgradeCheck = 0500;
				ORGANIZATIONNAME = "Premier Mobile Systems";
				TargetAttributes = {
					7827B9D218F5FA3D00572F2D = {
						TestTargetID = 7827B9B718F5FA3C00572F2D;
					};
				};
			};
			buildConfigurationList = FA8DAA3818C799570094495C /* Build configuration list for PBXProject "Petzi" */;
			compatibilityVersion = "Xcode 3.2";
			developmentRegion = English;
			hasScannedForEncodings = 0;
			knownRegions = (
				en,
				Base,
			);
			mainGroup = FA8DAA3418C799570094495C;
			productRefGroup = FA8DAA3E18C799570094495C /* Products */;
			projectDirPath = "";
			projectRoot = "";
			targets = (
				7827B9B718F5FA3C00572F2D /* Petzi */,
				7827B9D218F5FA3D00572F2D /* PetziTests */,
			);
		};
/* End PBXProject section */

/* Begin PBXResourcesBuildPhase section */
		7827B9B618F5FA3C00572F2D /* Resources */ = {
			isa = PBXResourcesBuildPhase;
			buildActionMask = 2147483647;
			files = (
				788FA65518F5FF2B00F2E801 /* Environments.plist in Resources */,
				788FA66A18F6014200F2E801 /* Images.xcassets in Resources */,
				788FA65418F5FF1600F2E801 /* MainStoryboard_iPhone.storyboard in Resources */,
				788FA66C18F6018600F2E801 /* Petzi-Info.plist in Resources */,
			);
			runOnlyForDeploymentPostprocessing = 0;
		};
		7827B9D118F5FA3D00572F2D /* Resources */ = {
			isa = PBXResourcesBuildPhase;
			buildActionMask = 2147483647;
			files = (
			);
			runOnlyForDeploymentPostprocessing = 0;
		};
/* End PBXResourcesBuildPhase section */

/* Begin PBXShellScriptBuildPhase section */
		283C3EA99C174C3ABB507FE2 /* Copy Pods Resources */ = {
			isa = PBXShellScriptBuildPhase;
			buildActionMask = 2147483647;
			files = (
			);
			inputPaths = (
			);
			name = "Copy Pods Resources";
			outputPaths = (
			);
			runOnlyForDeploymentPostprocessing = 0;
			shellPath = /bin/sh;
			shellScript = "\"${SRCROOT}/../Pods/Pods-resources.sh\"\n";
			showEnvVarsInLog = 0;
		};
		789F922818F5FB7500A899A5 /* Check Pods Manifest.lock */ = {
			isa = PBXShellScriptBuildPhase;
			buildActionMask = 2147483647;
			files = (
			);
			inputPaths = (
			);
			name = "Check Pods Manifest.lock";
			outputPaths = (
			);
			runOnlyForDeploymentPostprocessing = 0;
			shellPath = /bin/sh;
			shellScript = "diff \"${PODS_ROOT}/../Podfile.lock\" \"${PODS_ROOT}/Manifest.lock\" > /dev/null\nif [[ $? != 0 ]] ; then\ncat << EOM\nerror: The sandbox is not in sync with the Podfile.lock. Run 'pod install' or update your CocoaPods installation.\nEOM\nexit 1\nfi\n";
			showEnvVarsInLog = 0;
		};
/* End PBXShellScriptBuildPhase section */

/* Begin PBXSourcesBuildPhase section */
		7827B9B418F5FA3C00572F2D /* Sources */ = {
			isa = PBXSourcesBuildPhase;
			buildActionMask = 2147483647;
			files = (
				788FA66E18F601A800F2E801 /* main.m in Sources */,
				788FA64C18F5FD8D00F2E801 /* PZHomeViewController.m in Sources */,
				788FA64618F5FD6400F2E801 /* PZViewControllerBase.m in Sources */,
				788FA66818F600E100F2E801 /* PZAppDelegate.m in Sources */,
				788FA64918F5FD7A00F2E801 /* PZLoginViewController.m in Sources */,
				788FA64018F5FD4A00F2E801 /* MYEnvironmentConfig+Petzy.m in Sources */,
				788FA65218F5FDA900F2E801 /* PZCreateAlertViewController.m in Sources */,
			);
			runOnlyForDeploymentPostprocessing = 0;
		};
		7827B9CF18F5FA3D00572F2D /* Sources */ = {
			isa = PBXSourcesBuildPhase;
			buildActionMask = 2147483647;
			files = (
				7827B9E118F5FA3D00572F2D /* PetziTests.m in Sources */,
			);
			runOnlyForDeploymentPostprocessing = 0;
		};
/* End PBXSourcesBuildPhase section */

/* Begin PBXTargetDependency section */
		7827B9D918F5FA3D00572F2D /* PBXTargetDependency */ = {
			isa = PBXTargetDependency;
			target = 7827B9B718F5FA3C00572F2D /* Petzi */;
			targetProxy = 7827B9D818F5FA3D00572F2D /* PBXContainerItemProxy */;
		};
/* End PBXTargetDependency section */

/* Begin XCBuildConfiguration section */
		7827B9E318F5FA3D00572F2D /* Debug */ = {
			isa = XCBuildConfiguration;
			baseConfigurationReference = BBDD2CC56445488D99C190B7 /* Pods.xcconfig */;
			buildSettings = {
				ASSETCATALOG_COMPILER_APPICON_NAME = AppIcon;
				ASSETCATALOG_COMPILER_LAUNCHIMAGE_NAME = LaunchImage;
				CODE_SIGN_IDENTITY = "iPhone Developer";
				GCC_PRECOMPILE_PREFIX_HEADER = YES;
				GCC_PREFIX_HEADER = "Petzi/Petzi-Prefix.pch";
				GCC_PREPROCESSOR_DEFINITIONS = (
					"DEBUG=1",
					"$(inherited)",
				);
				GCC_WARN_UNINITIALIZED_AUTOS = YES_AGGRESSIVE;
				INFOPLIST_FILE = "Petzi/Petzi-Info.plist";
				IPHONEOS_DEPLOYMENT_TARGET = 7.1;
				PRODUCT_NAME = "$(TARGET_NAME)";
				TARGETED_DEVICE_FAMILY = 1;
				WRAPPER_EXTENSION = app;
			};
			name = Debug;
		};
		7827B9E418F5FA3D00572F2D /* Release */ = {
			isa = XCBuildConfiguration;
			baseConfigurationReference = BBDD2CC56445488D99C190B7 /* Pods.xcconfig */;
			buildSettings = {
				ASSETCATALOG_COMPILER_APPICON_NAME = AppIcon;
				ASSETCATALOG_COMPILER_LAUNCHIMAGE_NAME = LaunchImage;
				CODE_SIGN_IDENTITY = "iPhone Developer";
				GCC_PRECOMPILE_PREFIX_HEADER = YES;
				GCC_PREFIX_HEADER = "Petzi/Petzi-Prefix.pch";
				GCC_WARN_UNINITIALIZED_AUTOS = YES_AGGRESSIVE;
				INFOPLIST_FILE = "Petzi/Petzi-Info.plist";
				IPHONEOS_DEPLOYMENT_TARGET = 7.1;
				PRODUCT_NAME = "$(TARGET_NAME)";
				TARGETED_DEVICE_FAMILY = 1;
				WRAPPER_EXTENSION = app;
			};
			name = Release;
		};
		7827B9E518F5FA3D00572F2D /* Distribution */ = {
			isa = XCBuildConfiguration;
			baseConfigurationReference = BBDD2CC56445488D99C190B7 /* Pods.xcconfig */;
			buildSettings = {
				ASSETCATALOG_COMPILER_APPICON_NAME = AppIcon;
				ASSETCATALOG_COMPILER_LAUNCHIMAGE_NAME = LaunchImage;
				CODE_SIGN_IDENTITY = "iPhone Developer";
				GCC_PRECOMPILE_PREFIX_HEADER = YES;
				GCC_PREFIX_HEADER = "Petzi/Petzi-Prefix.pch";
				GCC_WARN_UNINITIALIZED_AUTOS = YES_AGGRESSIVE;
				INFOPLIST_FILE = "Petzi/Petzi-Info.plist";
				IPHONEOS_DEPLOYMENT_TARGET = 7.1;
				PRODUCT_NAME = "$(TARGET_NAME)";
				TARGETED_DEVICE_FAMILY = 1;
				WRAPPER_EXTENSION = app;
			};
			name = Distribution;
		};
		7827B9E618F5FA3D00572F2D /* AdHoc */ = {
			isa = XCBuildConfiguration;
			baseConfigurationReference = BBDD2CC56445488D99C190B7 /* Pods.xcconfig */;
			buildSettings = {
				ASSETCATALOG_COMPILER_APPICON_NAME = AppIcon;
				ASSETCATALOG_COMPILER_LAUNCHIMAGE_NAME = LaunchImage;
				CODE_SIGN_IDENTITY = "iPhone Developer";
				GCC_PRECOMPILE_PREFIX_HEADER = YES;
				GCC_PREFIX_HEADER = "Petzi/Petzi-Prefix.pch";
				GCC_WARN_UNINITIALIZED_AUTOS = YES_AGGRESSIVE;
				INFOPLIST_FILE = "Petzi/Petzi-Info.plist";
				IPHONEOS_DEPLOYMENT_TARGET = 7.1;
				PRODUCT_NAME = "$(TARGET_NAME)";
				TARGETED_DEVICE_FAMILY = 1;
				WRAPPER_EXTENSION = app;
			};
			name = AdHoc;
		};
		7827B9E818F5FA3D00572F2D /* Debug */ = {
			isa = XCBuildConfiguration;
			buildSettings = {
				BUNDLE_LOADER = "$(BUILT_PRODUCTS_DIR)/Petzi.app/Petzi";
				FRAMEWORK_SEARCH_PATHS = (
					"$(SDKROOT)/Developer/Library/Frameworks",
					"$(inherited)",
					"$(DEVELOPER_FRAMEWORKS_DIR)",
				);
				GCC_PRECOMPILE_PREFIX_HEADER = YES;
				GCC_PREFIX_HEADER = "Petzi/Petzi-Prefix.pch";
				GCC_PREPROCESSOR_DEFINITIONS = (
					"DEBUG=1",
					"$(inherited)",
				);
				GCC_WARN_UNINITIALIZED_AUTOS = YES_AGGRESSIVE;
				INFOPLIST_FILE = "PetziTests/PetziTests-Info.plist";
				IPHONEOS_DEPLOYMENT_TARGET = 7.1;
				PRODUCT_NAME = "$(TARGET_NAME)";
				TEST_HOST = "$(BUNDLE_LOADER)";
				WRAPPER_EXTENSION = xctest;
			};
			name = Debug;
		};
		7827B9E918F5FA3D00572F2D /* Release */ = {
			isa = XCBuildConfiguration;
			buildSettings = {
				BUNDLE_LOADER = "$(BUILT_PRODUCTS_DIR)/Petzi.app/Petzi";
				FRAMEWORK_SEARCH_PATHS = (
					"$(SDKROOT)/Developer/Library/Frameworks",
					"$(inherited)",
					"$(DEVELOPER_FRAMEWORKS_DIR)",
				);
				GCC_PRECOMPILE_PREFIX_HEADER = YES;
				GCC_PREFIX_HEADER = "Petzi/Petzi-Prefix.pch";
				GCC_WARN_UNINITIALIZED_AUTOS = YES_AGGRESSIVE;
				INFOPLIST_FILE = "PetziTests/PetziTests-Info.plist";
				IPHONEOS_DEPLOYMENT_TARGET = 7.1;
				PRODUCT_NAME = "$(TARGET_NAME)";
				TEST_HOST = "$(BUNDLE_LOADER)";
				WRAPPER_EXTENSION = xctest;
			};
			name = Release;
		};
		7827B9EA18F5FA3D00572F2D /* Distribution */ = {
			isa = XCBuildConfiguration;
			buildSettings = {
				BUNDLE_LOADER = "$(BUILT_PRODUCTS_DIR)/Petzi.app/Petzi";
				FRAMEWORK_SEARCH_PATHS = (
					"$(SDKROOT)/Developer/Library/Frameworks",
					"$(inherited)",
					"$(DEVELOPER_FRAMEWORKS_DIR)",
				);
				GCC_PRECOMPILE_PREFIX_HEADER = YES;
				GCC_PREFIX_HEADER = "Petzi/Petzi-Prefix.pch";
				GCC_WARN_UNINITIALIZED_AUTOS = YES_AGGRESSIVE;
				INFOPLIST_FILE = "PetziTests/PetziTests-Info.plist";
				IPHONEOS_DEPLOYMENT_TARGET = 7.1;
				PRODUCT_NAME = "$(TARGET_NAME)";
				TEST_HOST = "$(BUNDLE_LOADER)";
				WRAPPER_EXTENSION = xctest;
			};
			name = Distribution;
		};
		7827B9EB18F5FA3D00572F2D /* AdHoc */ = {
			isa = XCBuildConfiguration;
			buildSettings = {
				BUNDLE_LOADER = "$(BUILT_PRODUCTS_DIR)/Petzi.app/Petzi";
				FRAMEWORK_SEARCH_PATHS = (
					"$(SDKROOT)/Developer/Library/Frameworks",
					"$(inherited)",
					"$(DEVELOPER_FRAMEWORKS_DIR)",
				);
				GCC_PRECOMPILE_PREFIX_HEADER = YES;
				GCC_PREFIX_HEADER = "Petzi/Petzi-Prefix.pch";
				GCC_WARN_UNINITIALIZED_AUTOS = YES_AGGRESSIVE;
				INFOPLIST_FILE = "PetziTests/PetziTests-Info.plist";
				IPHONEOS_DEPLOYMENT_TARGET = 7.1;
				PRODUCT_NAME = "$(TARGET_NAME)";
				TEST_HOST = "$(BUNDLE_LOADER)";
				WRAPPER_EXTENSION = xctest;
			};
			name = AdHoc;
		};
		FA4DBCA918E2038F0029286D /* AdHoc */ = {
			isa = XCBuildConfiguration;
			buildSettings = {
				ALWAYS_SEARCH_USER_PATHS = NO;
				ARCHS = "$(ARCHS_STANDARD)";
				CLANG_CXX_LANGUAGE_STANDARD = "gnu++0x";
				CLANG_CXX_LIBRARY = "libc++";
				CLANG_ENABLE_MODULES = YES;
				CLANG_ENABLE_OBJC_ARC = YES;
				CLANG_WARN_BOOL_CONVERSION = YES;
				CLANG_WARN_CONSTANT_CONVERSION = YES;
				CLANG_WARN_DIRECT_OBJC_ISA_USAGE = YES_ERROR;
				CLANG_WARN_EMPTY_BODY = YES;
				CLANG_WARN_ENUM_CONVERSION = YES;
				CLANG_WARN_INT_CONVERSION = YES;
				CLANG_WARN_OBJC_ROOT_CLASS = YES_ERROR;
				CLANG_WARN__DUPLICATE_METHOD_MATCH = YES;
				"CODE_SIGN_IDENTITY[sdk=iphoneos*]" = "iPhone Developer";
				COPY_PHASE_STRIP = YES;
				ENABLE_NS_ASSERTIONS = NO;
				GCC_C_LANGUAGE_STANDARD = gnu99;
				GCC_TREAT_WARNINGS_AS_ERRORS = YES;
				GCC_WARN_64_TO_32_BIT_CONVERSION = YES;
				GCC_WARN_ABOUT_RETURN_TYPE = YES_ERROR;
				GCC_WARN_UNDECLARED_SELECTOR = YES;
				GCC_WARN_UNINITIALIZED_AUTOS = YES;
				GCC_WARN_UNUSED_FUNCTION = YES;
				GCC_WARN_UNUSED_VARIABLE = YES;
				IPHONEOS_DEPLOYMENT_TARGET = 7.0;
				SDKROOT = iphoneos;
				TARGETED_DEVICE_FAMILY = "1,2";
				VALIDATE_PRODUCT = YES;
			};
			name = AdHoc;
		};
		FA4DBCAC18E203970029286D /* Distribution */ = {
			isa = XCBuildConfiguration;
			buildSettings = {
				ALWAYS_SEARCH_USER_PATHS = NO;
				ARCHS = "$(ARCHS_STANDARD)";
				CLANG_CXX_LANGUAGE_STANDARD = "gnu++0x";
				CLANG_CXX_LIBRARY = "libc++";
				CLANG_ENABLE_MODULES = YES;
				CLANG_ENABLE_OBJC_ARC = YES;
				CLANG_WARN_BOOL_CONVERSION = YES;
				CLANG_WARN_CONSTANT_CONVERSION = YES;
				CLANG_WARN_DIRECT_OBJC_ISA_USAGE = YES_ERROR;
				CLANG_WARN_EMPTY_BODY = YES;
				CLANG_WARN_ENUM_CONVERSION = YES;
				CLANG_WARN_INT_CONVERSION = YES;
				CLANG_WARN_OBJC_ROOT_CLASS = YES_ERROR;
				CLANG_WARN__DUPLICATE_METHOD_MATCH = YES;
				"CODE_SIGN_IDENTITY[sdk=iphoneos*]" = "iPhone Developer";
				COPY_PHASE_STRIP = YES;
				ENABLE_NS_ASSERTIONS = NO;
				GCC_C_LANGUAGE_STANDARD = gnu99;
				GCC_TREAT_WARNINGS_AS_ERRORS = YES;
				GCC_WARN_64_TO_32_BIT_CONVERSION = YES;
				GCC_WARN_ABOUT_RETURN_TYPE = YES_ERROR;
				GCC_WARN_UNDECLARED_SELECTOR = YES;
				GCC_WARN_UNINITIALIZED_AUTOS = YES;
				GCC_WARN_UNUSED_FUNCTION = YES;
				GCC_WARN_UNUSED_VARIABLE = YES;
				IPHONEOS_DEPLOYMENT_TARGET = 7.0;
				SDKROOT = iphoneos;
				TARGETED_DEVICE_FAMILY = "1,2";
				VALIDATE_PRODUCT = YES;
			};
			name = Distribution;
		};
		FA8DAA6718C799580094495C /* Debug */ = {
			isa = XCBuildConfiguration;
			buildSettings = {
				ALWAYS_SEARCH_USER_PATHS = NO;
				ARCHS = "$(ARCHS_STANDARD)";
				CLANG_CXX_LANGUAGE_STANDARD = "gnu++0x";
				CLANG_CXX_LIBRARY = "libc++";
				CLANG_ENABLE_MODULES = YES;
				CLANG_ENABLE_OBJC_ARC = YES;
				CLANG_WARN_BOOL_CONVERSION = YES;
				CLANG_WARN_CONSTANT_CONVERSION = YES;
				CLANG_WARN_DIRECT_OBJC_ISA_USAGE = YES_ERROR;
				CLANG_WARN_EMPTY_BODY = YES;
				CLANG_WARN_ENUM_CONVERSION = YES;
				CLANG_WARN_INT_CONVERSION = YES;
				CLANG_WARN_OBJC_ROOT_CLASS = YES_ERROR;
				CLANG_WARN__DUPLICATE_METHOD_MATCH = YES;
				"CODE_SIGN_IDENTITY[sdk=iphoneos*]" = "iPhone Developer";
				COPY_PHASE_STRIP = NO;
				GCC_C_LANGUAGE_STANDARD = gnu99;
				GCC_DYNAMIC_NO_PIC = NO;
				GCC_OPTIMIZATION_LEVEL = 0;
				GCC_PREPROCESSOR_DEFINITIONS = (
					"DEBUG=1",
					"$(inherited)",
				);
				GCC_SYMBOLS_PRIVATE_EXTERN = NO;
				GCC_TREAT_WARNINGS_AS_ERRORS = YES;
				GCC_WARN_64_TO_32_BIT_CONVERSION = YES;
				GCC_WARN_ABOUT_RETURN_TYPE = YES_ERROR;
				GCC_WARN_UNDECLARED_SELECTOR = YES;
				GCC_WARN_UNINITIALIZED_AUTOS = YES;
				GCC_WARN_UNUSED_FUNCTION = YES;
				GCC_WARN_UNUSED_VARIABLE = YES;
				IPHONEOS_DEPLOYMENT_TARGET = 7.0;
				ONLY_ACTIVE_ARCH = YES;
				SDKROOT = iphoneos;
				TARGETED_DEVICE_FAMILY = "1,2";
			};
			name = Debug;
		};
		FA8DAA6818C799580094495C /* Release */ = {
			isa = XCBuildConfiguration;
			buildSettings = {
				ALWAYS_SEARCH_USER_PATHS = NO;
				ARCHS = "$(ARCHS_STANDARD)";
				CLANG_CXX_LANGUAGE_STANDARD = "gnu++0x";
				CLANG_CXX_LIBRARY = "libc++";
				CLANG_ENABLE_MODULES = YES;
				CLANG_ENABLE_OBJC_ARC = YES;
				CLANG_WARN_BOOL_CONVERSION = YES;
				CLANG_WARN_CONSTANT_CONVERSION = YES;
				CLANG_WARN_DIRECT_OBJC_ISA_USAGE = YES_ERROR;
				CLANG_WARN_EMPTY_BODY = YES;
				CLANG_WARN_ENUM_CONVERSION = YES;
				CLANG_WARN_INT_CONVERSION = YES;
				CLANG_WARN_OBJC_ROOT_CLASS = YES_ERROR;
				CLANG_WARN__DUPLICATE_METHOD_MATCH = YES;
				"CODE_SIGN_IDENTITY[sdk=iphoneos*]" = "iPhone Developer";
				COPY_PHASE_STRIP = YES;
				ENABLE_NS_ASSERTIONS = NO;
				GCC_C_LANGUAGE_STANDARD = gnu99;
				GCC_TREAT_WARNINGS_AS_ERRORS = YES;
				GCC_WARN_64_TO_32_BIT_CONVERSION = YES;
				GCC_WARN_ABOUT_RETURN_TYPE = YES_ERROR;
				GCC_WARN_UNDECLARED_SELECTOR = YES;
				GCC_WARN_UNINITIALIZED_AUTOS = YES;
				GCC_WARN_UNUSED_FUNCTION = YES;
				GCC_WARN_UNUSED_VARIABLE = YES;
				IPHONEOS_DEPLOYMENT_TARGET = 7.0;
				SDKROOT = iphoneos;
				TARGETED_DEVICE_FAMILY = "1,2";
				VALIDATE_PRODUCT = YES;
			};
			name = Release;
		};
/* End XCBuildConfiguration section */

/* Begin XCConfigurationList section */
		7827B9E218F5FA3D00572F2D /* Build configuration list for PBXNativeTarget "Petzi" */ = {
			isa = XCConfigurationList;
			buildConfigurations = (
				7827B9E318F5FA3D00572F2D /* Debug */,
				7827B9E418F5FA3D00572F2D /* Release */,
				7827B9E518F5FA3D00572F2D /* Distribution */,
				7827B9E618F5FA3D00572F2D /* AdHoc */,
			);
			defaultConfigurationIsVisible = 0;
			defaultConfigurationName = Release;
		};
		7827B9E718F5FA3D00572F2D /* Build configuration list for PBXNativeTarget "PetziTests" */ = {
			isa = XCConfigurationList;
			buildConfigurations = (
				7827B9E818F5FA3D00572F2D /* Debug */,
				7827B9E918F5FA3D00572F2D /* Release */,
				7827B9EA18F5FA3D00572F2D /* Distribution */,
				7827B9EB18F5FA3D00572F2D /* AdHoc */,
			);
			defaultConfigurationIsVisible = 0;
			defaultConfigurationName = Release;
		};
		FA8DAA3818C799570094495C /* Build configuration list for PBXProject "Petzi" */ = {
			isa = XCConfigurationList;
			buildConfigurations = (
				FA8DAA6718C799580094495C /* Debug */,
				FA8DAA6818C799580094495C /* Release */,
				FA4DBCAC18E203970029286D /* Distribution */,
				FA4DBCA918E2038F0029286D /* AdHoc */,
			);
			defaultConfigurationIsVisible = 0;
			defaultConfigurationName = Release;
		};
/* End XCConfigurationList section */
	};
	rootObject = FA8DAA3518C799570094495C /* Project object */;
}
